
Microsoft Visual Studio Solution File, Format Version 12.00
# Visual Studio Version 17
VisualStudioVersion = 17.13.35913.81 d17.13
MinimumVisualStudioVersion = 10.0.40219.1
Project("{FAE04EC0-301F-11D3-BF4B-00C04F79EFBC}") = "HealthApi", "HealthApi\HealthApi.csproj", "{EACAEDFE-DAE2-49DC-9718-7007D90F4319}"
EndProject
Global
	GlobalSection(SolutionConfigurationPlatforms) = preSolution
		Debug|Any CPU = Debug|Any CPU
		Release|Any CPU = Release|Any CPU
	EndGlobalSection
	GlobalSection(ProjectConfigurationPlatforms) = postSolution
		{EACAEDFE-DAE2-49DC-9718-7007D90F4319}.Debug|Any CPU.ActiveCfg = Debug|Any CPU
		{EACAEDFE-DAE2-49DC-9718-7007D90F4319}.Debug|Any CPU.Build.0 = Debug|Any CPU
		{EACAEDFE-DAE2-49DC-9718-7007D90F4319}.Release|Any CPU.ActiveCfg = Release|Any CPU
		{EACAEDFE-DAE2-49DC-9718-7007D90F4319}.Release|Any CPU.Build.0 = Release|Any CPU
	EndGlobalSection
	GlobalSection(SolutionProperties) = preSolution
		HideSolutionNode = FALSE
	EndGlobalSection
	GlobalSection(ExtensibilityGlobals) = postSolution
		SolutionGuid = {E864201B-A631-441A-9FC7-7FFBBBEB59D1}
	EndGlobalSection
EndGlobal
